
Microsoft Visual Studio Solution File, Format Version 12.00
# Visual Studio 15
VisualStudioVersion = 15.0.28010.2016
MinimumVisualStudioVersion = 10.0.40219.1
Project("{FAE04EC0-301F-11D3-BF4B-00C04F79EFBC}") = "Dragracing", "Dragracing\Dragracing.csproj", "{35A16126-7F15-4DBF-93A0-37E77A661E81}"
EndProject
Global
	GlobalSection(SolutionConfigurationPlatforms) = preSolution
		Debug|Any CPU = Debug|Any CPU
		Release|Any CPU = Release|Any CPU
	EndGlobalSection
	GlobalSection(ProjectConfigurationPlatforms) = postSolution
		{35A16126-7F15-4DBF-93A0-37E77A661E81}.Debug|Any CPU.ActiveCfg = Debug|Any CPU
		{35A16126-7F15-4DBF-93A0-37E77A661E81}.Debug|Any CPU.Build.0 = Debug|Any CPU
		{35A16126-7F15-4DBF-93A0-37E77A661E81}.Release|Any CPU.ActiveCfg = Release|Any CPU
		{35A16126-7F15-4DBF-93A0-37E77A661E81}.Release|Any CPU.Build.0 = Release|Any CPU
	EndGlobalSection
	GlobalSection(SolutionProperties) = preSolution
		HideSolutionNode = FALSE
	EndGlobalSection
	GlobalSection(ExtensibilityGlobals) = postSolution
		SolutionGuid = {08E6DB75-CD07-40EC-80DB-228FADA46C1A}
	EndGlobalSection
EndGlobal
